
Microsoft Visual Studio Solution File, Format Version 12.00
# Visual Studio Version 17
VisualStudioVersion = 17.5.33502.453
MinimumVisualStudioVersion = 10.0.40219.1
Project("{FAE04EC0-301F-11D3-BF4B-00C04F79EFBC}") = "assignment3", "assignment3\assignment3.csproj", "{7D29B423-D48E-4F19-8B96-B6AAB2F39792}"
EndProject
Global
	GlobalSection(SolutionConfigurationPlatforms) = preSolution
		Debug|Any CPU = Debug|Any CPU
		Release|Any CPU = Release|Any CPU
	EndGlobalSection
	GlobalSection(ProjectConfigurationPlatforms) = postSolution
		{7D29B423-D48E-4F19-8B96-B6AAB2F39792}.Debug|Any CPU.ActiveCfg = Debug|Any CPU
		{7D29B423-D48E-4F19-8B96-B6AAB2F39792}.Debug|Any CPU.Build.0 = Debug|Any CPU
		{7D29B423-D48E-4F19-8B96-B6AAB2F39792}.Release|Any CPU.ActiveCfg = Release|Any CPU
		{7D29B423-D48E-4F19-8B96-B6AAB2F39792}.Release|Any CPU.Build.0 = Release|Any CPU
	EndGlobalSection
	GlobalSection(SolutionProperties) = preSolution
		HideSolutionNode = FALSE
	EndGlobalSection
	GlobalSection(ExtensibilityGlobals) = postSolution
		SolutionGuid = {B32CB9CF-10E1-4EBB-AE4E-151AC468A3A2}
	EndGlobalSection
EndGlobal
